// !$*UTF8*$!
{
	archiveVersion = 1;
	classes = {
	};
	objectVersion = 46;
	objects = {

/* Begin PBXBuildFile section */
		69F11DBE1D77262C00547DA8 /* AppDelegate.swift in Sources */ = {isa = PBXBuildFile; fileRef = 69F11DBD1D77262C00547DA8 /* AppDelegate.swift */; };
		69F11DC01D77262C00547DA8 /* ViewController.swift in Sources */ = {isa = PBXBuildFile; fileRef = 69F11DBF1D77262C00547DA8 /* ViewController.swift */; };
		69F11DC31D77262C00547DA8 /* Main.storyboard in Resources */ = {isa = PBXBuildFile; fileRef = 69F11DC11D77262C00547DA8 /* Main.storyboard */; };
		69F11DC51D77262C00547DA8 /* Assets.xcassets in Resources */ = {isa = PBXBuildFile; fileRef = 69F11DC41D77262C00547DA8 /* Assets.xcassets */; };
		69F11DC81D77262C00547DA8 /* LaunchScreen.storyboard in Resources */ = {isa = PBXBuildFile; fileRef = 69F11DC61D77262C00547DA8 /* LaunchScreen.storyboard */; };
		69F11DE11D77267000547DA8 /* ProfileViewController.swift in Sources */ = {isa = PBXBuildFile; fileRef = 69F11DCF1D77267000547DA8 /* ProfileViewController.swift */; };
		69F11DE21D77267000547DA8 /* DiscoverViewController.swift in Sources */ = {isa = PBXBuildFile; fileRef = 69F11DD11D77267000547DA8 /* DiscoverViewController.swift */; };
		69F11DE31D77267000547DA8 /* MessageViewController.swift in Sources */ = {isa = PBXBuildFile; fileRef = 69F11DD31D77267000547DA8 /* MessageViewController.swift */; };
		69F11DE41D77267000547DA8 /* HomeViewController.swift in Sources */ = {isa = PBXBuildFile; fileRef = 69F11DD51D77267000547DA8 /* HomeViewController.swift */; };
		69F11DE51D77267000547DA8 /* JYMainController.swift in Sources */ = {isa = PBXBuildFile; fileRef = 69F11DD71D77267000547DA8 /* JYMainController.swift */; };
		69F11DE61D77267000547DA8 /* JYBaseViewController.swift in Sources */ = {isa = PBXBuildFile; fileRef = 69F11DD81D77267000547DA8 /* JYBaseViewController.swift */; };
		69F11DE71D77267000547DA8 /* JYNavigationController.swift in Sources */ = {isa = PBXBuildFile; fileRef = 69F11DD91D77267000547DA8 /* JYNavigationController.swift */; };
		69F11DE81D77267000547DA8 /* Bundle+Extension.swift in Sources */ = {isa = PBXBuildFile; fileRef = 69F11DDE1D77267000547DA8 /* Bundle+Extension.swift */; };
/* End PBXBuildFile section */

/* Begin PBXFileReference section */
		69F11DBA1D77262C00547DA8 /* JYVVeibo.app */ = {isa = PBXFileReference; explicitFileType = wrapper.application; includeInIndex = 0; path = JYVVeibo.app; sourceTree = BUILT_PRODUCTS_DIR; };
		69F11DBD1D77262C00547DA8 /* AppDelegate.swift */ = {isa = PBXFileReference; lastKnownFileType = sourcecode.swift; path = AppDelegate.swift; sourceTree = "<group>"; };
		69F11DBF1D77262C00547DA8 /* ViewController.swift */ = {isa = PBXFileReference; lastKnownFileType = sourcecode.swift; path = ViewController.swift; sourceTree = "<group>"; };
		69F11DC21D77262C00547DA8 /* Base */ = {isa = PBXFileReference; lastKnownFileType = file.storyboard; name = Base; path = Base.lproj/Main.storyboard; sourceTree = "<group>"; };
		69F11DC41D77262C00547DA8 /* Assets.xcassets */ = {isa = PBXFileReference; lastKnownFileType = folder.assetcatalog; path = Assets.xcassets; sourceTree = "<group>"; };
		69F11DC71D77262C00547DA8 /* Base */ = {isa = PBXFileReference; lastKnownFileType = file.storyboard; name = Base; path = Base.lproj/LaunchScreen.storyboard; sourceTree = "<group>"; };
		69F11DC91D77262C00547DA8 /* Info.plist */ = {isa = PBXFileReference; lastKnownFileType = text.plist.xml; path = Info.plist; sourceTree = "<group>"; };
		69F11DCF1D77267000547DA8 /* ProfileViewController.swift */ = {isa = PBXFileReference; fileEncoding = 4; lastKnownFileType = sourcecode.swift; path = ProfileViewController.swift; sourceTree = "<group>"; };
		69F11DD11D77267000547DA8 /* DiscoverViewController.swift */ = {isa = PBXFileReference; fileEncoding = 4; lastKnownFileType = sourcecode.swift; path = DiscoverViewController.swift; sourceTree = "<group>"; };
		69F11DD31D77267000547DA8 /* MessageViewController.swift */ = {isa = PBXFileReference; fileEncoding = 4; lastKnownFileType = sourcecode.swift; path = MessageViewController.swift; sourceTree = "<group>"; };
		69F11DD51D77267000547DA8 /* HomeViewController.swift */ = {isa = PBXFileReference; fileEncoding = 4; lastKnownFileType = sourcecode.swift; path = HomeViewController.swift; sourceTree = "<group>"; };
		69F11DD71D77267000547DA8 /* JYMainController.swift */ = {isa = PBXFileReference; fileEncoding = 4; lastKnownFileType = sourcecode.swift; path = JYMainController.swift; sourceTree = "<group>"; };
		69F11DD81D77267000547DA8 /* JYBaseViewController.swift */ = {isa = PBXFileReference; fileEncoding = 4; lastKnownFileType = sourcecode.swift; path = JYBaseViewController.swift; sourceTree = "<group>"; };
		69F11DD91D77267000547DA8 /* JYNavigationController.swift */ = {isa = PBXFileReference; fileEncoding = 4; lastKnownFileType = sourcecode.swift; path = JYNavigationController.swift; sourceTree = "<group>"; };
		69F11DDE1D77267000547DA8 /* Bundle+Extension.swift */ = {isa = PBXFileReference; fileEncoding = 4; lastKnownFileType = sourcecode.swift; path = "Bundle+Extension.swift"; sourceTree = "<group>"; };
/* End PBXFileReference section */

/* Begin PBXFrameworksBuildPhase section */
		69F11DB71D77262C00547DA8 /* Frameworks */ = {
			isa = PBXFrameworksBuildPhase;
			buildActionMask = 2147483647;
			files = (
			);
			runOnlyForDeploymentPostprocessing = 0;
		};
/* End PBXFrameworksBuildPhase section */

/* Begin PBXGroup section */
		69F11DB11D77262C00547DA8 = {
			isa = PBXGroup;
			children = (
				69F11DBC1D77262C00547DA8 /* JYVVeibo */,
				69F11DBB1D77262C00547DA8 /* Products */,
			);
			sourceTree = "<group>";
		};
		69F11DBB1D77262C00547DA8 /* Products */ = {
			isa = PBXGroup;
			children = (
				69F11DBA1D77262C00547DA8 /* JYVVeibo.app */,
			);
			name = Products;
			sourceTree = "<group>";
		};
		69F11DBC1D77262C00547DA8 /* JYVVeibo */ = {
			isa = PBXGroup;
			children = (
				69F11DE01D77267000547DA8 /* Class */,
				69F11DBD1D77262C00547DA8 /* AppDelegate.swift */,
				69F11DBF1D77262C00547DA8 /* ViewController.swift */,
				69F11DC11D77262C00547DA8 /* Main.storyboard */,
				69F11DC41D77262C00547DA8 /* Assets.xcassets */,
				69F11DC61D77262C00547DA8 /* LaunchScreen.storyboard */,
				69F11DC91D77262C00547DA8 /* Info.plist */,
			);
			path = JYVVeibo;
			sourceTree = "<group>";
		};
		69F11DD01D77267000547DA8 /* Profile */ = {
			isa = PBXGroup;
			children = (
				69F11DCF1D77267000547DA8 /* ProfileViewController.swift */,
			);
			name = Profile;
			sourceTree = "<group>";
		};
		69F11DD21D77267000547DA8 /* Discover */ = {
			isa = PBXGroup;
			children = (
				69F11DD11D77267000547DA8 /* DiscoverViewController.swift */,
			);
			name = Discover;
			sourceTree = "<group>";
		};
		69F11DD41D77267000547DA8 /* Message */ = {
			isa = PBXGroup;
			children = (
				69F11DD31D77267000547DA8 /* MessageViewController.swift */,
			);
			name = Message;
			sourceTree = "<group>";
		};
		69F11DD61D77267000547DA8 /* Home */ = {
			isa = PBXGroup;
			children = (
				69F11DD51D77267000547DA8 /* HomeViewController.swift */,
			);
			name = Home;
			sourceTree = "<group>";
		};
		69F11DDA1D77267000547DA8 /* Main */ = {
			isa = PBXGroup;
			children = (
				69F11DD71D77267000547DA8 /* JYMainController.swift */,
				69F11DD81D77267000547DA8 /* JYBaseViewController.swift */,
				69F11DD91D77267000547DA8 /* JYNavigationController.swift */,
			);
			name = Main;
			sourceTree = "<group>";
		};
		69F11DDB1D77267000547DA8 /* View */ = {
			isa = PBXGroup;
			children = (
				69F11DD01D77267000547DA8 /* Profile */,
				69F11DD21D77267000547DA8 /* Discover */,
				69F11DD41D77267000547DA8 /* Message */,
				69F11DD61D77267000547DA8 /* Home */,
				69F11DDA1D77267000547DA8 /* Main */,
			);
			name = View;
			sourceTree = "<group>";
		};
		69F11DDC1D77267000547DA8 /* ViewModel */ = {
			isa = PBXGroup;
			children = (
			);
			name = ViewModel;
			sourceTree = "<group>";
		};
		69F11DDD1D77267000547DA8 /* Model */ = {
			isa = PBXGroup;
			children = (
			);
			name = Model;
			sourceTree = "<group>";
		};
		69F11DDF1D77267000547DA8 /* Tools */ = {
			isa = PBXGroup;
			children = (
				69F11DDE1D77267000547DA8 /* Bundle+Extension.swift */,
			);
			name = Tools;
			sourceTree = "<group>";
		};
		69F11DE01D77267000547DA8 /* Class */ = {
			isa = PBXGroup;
			children = (
				69F11DDB1D77267000547DA8 /* View */,
				69F11DDC1D77267000547DA8 /* ViewModel */,
				69F11DDD1D77267000547DA8 /* Model */,
				69F11DDF1D77267000547DA8 /* Tools */,
			);
			name = Class;
			path = "../../JYWeibo-git/JYWeibo-git";
			sourceTree = "<group>";
		};
/* End PBXGroup section */

/* Begin PBXNativeTarget section */
		69F11DB91D77262C00547DA8 /* JYVVeibo */ = {
			isa = PBXNativeTarget;
			buildConfigurationList = 69F11DCC1D77262C00547DA8 /* Build configuration list for PBXNativeTarget "JYVVeibo" */;
			buildPhases = (
				69F11DB61D77262C00547DA8 /* Sources */,
				69F11DB71D77262C00547DA8 /* Frameworks */,
				69F11DB81D77262C00547DA8 /* Resources */,
			);
			buildRules = (
			);
			dependencies = (
			);
			name = JYVVeibo;
			productName = JYVVeibo;
			productReference = 69F11DBA1D77262C00547DA8 /* JYVVeibo.app */;
			productType = "com.apple.product-type.application";
		};
/* End PBXNativeTarget section */

/* Begin PBXProject section */
		69F11DB21D77262C00547DA8 /* Project object */ = {
			isa = PBXProject;
			attributes = {
				LastSwiftUpdateCheck = 0800;
				LastUpgradeCheck = 0800;
				ORGANIZATIONNAME = apple;
				TargetAttributes = {
					69F11DB91D77262C00547DA8 = {
						CreatedOnToolsVersion = 8.0;
						ProvisioningStyle = Automatic;
					};
				};
			};
			buildConfigurationList = 69F11DB51D77262C00547DA8 /* Build configuration list for PBXProject "JYVVeibo" */;
			compatibilityVersion = "Xcode 3.2";
			developmentRegion = English;
			hasScannedForEncodings = 0;
			knownRegions = (
				en,
				Base,
			);
			mainGroup = 69F11DB11D77262C00547DA8;
			productRefGroup = 69F11DBB1D77262C00547DA8 /* Products */;
			projectDirPath = "";
			projectRoot = "";
			targets = (
				69F11DB91D77262C00547DA8 /* JYVVeibo */,
			);
		};
/* End PBXProject section */

/* Begin PBXResourcesBuildPhase section */
		69F11DB81D77262C00547DA8 /* Resources */ = {
			isa = PBXResourcesBuildPhase;
			buildActionMask = 2147483647;
			files = (
				69F11DC81D77262C00547DA8 /* LaunchScreen.storyboard in Resources */,
				69F11DC51D77262C00547DA8 /* Assets.xcassets in Resources */,
				69F11DC31D77262C00547DA8 /* Main.storyboard in Resources */,
			);
			runOnlyForDeploymentPostprocessing = 0;
		};
/* End PBXResourcesBuildPhase section */

/* Begin PBXSourcesBuildPhase section */
		69F11DB61D77262C00547DA8 /* Sources */ = {
			isa = PBXSourcesBuildPhase;
			buildActionMask = 2147483647;
			files = (
				69F11DE11D77267000547DA8 /* ProfileViewController.swift in Sources */,
				69F11DE81D77267000547DA8 /* Bundle+Extension.swift in Sources */,
				69F11DE21D77267000547DA8 /* DiscoverViewController.swift in Sources */,
				69F11DE61D77267000547DA8 /* JYBaseViewController.swift in Sources */,
				69F11DE51D77267000547DA8 /* JYMainController.swift in Sources */,
				69F11DE71D77267000547DA8 /* JYNavigationController.swift in Sources */,
				69F11DC01D77262C00547DA8 /* ViewController.swift in Sources */,
				69F11DBE1D77262C00547DA8 /* AppDelegate.swift in Sources */,
				69F11DE31D77267000547DA8 /* MessageViewController.swift in Sources */,
				69F11DE41D77267000547DA8 /* HomeViewController.swift in Sources */,
			);
			runOnlyForDeploymentPostprocessing = 0;
		};
/* End PBXSourcesBuildPhase section */

/* Begin PBXVariantGroup section */
		69F11DC11D77262C00547DA8 /* Main.storyboard */ = {
			isa = PBXVariantGroup;
			children = (
				69F11DC21D77262C00547DA8 /* Base */,
			);
			name = Main.storyboard;
			sourceTree = "<group>";
		};
		69F11DC61D77262C00547DA8 /* LaunchScreen.storyboard */ = {
			isa = PBXVariantGroup;
			children = (
				69F11DC71D77262C00547DA8 /* Base */,
			);
			name = LaunchScreen.storyboard;
			sourceTree = "<group>";
		};
/* End PBXVariantGroup section */

/* Begin XCBuildConfiguration section */
		69F11DCA1D77262C00547DA8 /* Debug */ = {
			isa = XCBuildConfiguration;
			buildSettings = {
				ALWAYS_SEARCH_USER_PATHS = NO;
				CLANG_ANALYZER_NONNULL = YES;
				CLANG_CXX_LANGUAGE_STANDARD = "gnu++0x";
				CLANG_CXX_LIBRARY = "libc++";
				CLANG_ENABLE_MODULES = YES;
				CLANG_ENABLE_OBJC_ARC = YES;
				CLANG_WARN_BOOL_CONVERSION = YES;
				CLANG_WARN_CONSTANT_CONVERSION = YES;
				CLANG_WARN_DIRECT_OBJC_ISA_USAGE = YES_ERROR;
				CLANG_WARN_DOCUMENTATION_COMMENTS = YES;
				CLANG_WARN_EMPTY_BODY = YES;
				CLANG_WARN_ENUM_CONVERSION = YES;
				CLANG_WARN_INT_CONVERSION = YES;
				CLANG_WARN_OBJC_ROOT_CLASS = YES_ERROR;
				CLANG_WARN_UNREACHABLE_CODE = YES;
				CLANG_WARN__DUPLICATE_METHOD_MATCH = YES;
				"CODE_SIGN_IDENTITY[sdk=iphoneos*]" = "iPhone Developer";
				COPY_PHASE_STRIP = NO;
				DEBUG_INFORMATION_FORMAT = dwarf;
				ENABLE_STRICT_OBJC_MSGSEND = YES;
				ENABLE_TESTABILITY = YES;
				GCC_C_LANGUAGE_STANDARD = gnu99;
				GCC_DYNAMIC_NO_PIC = NO;
				GCC_NO_COMMON_BLOCKS = YES;
				GCC_OPTIMIZATION_LEVEL = 0;
				GCC_PREPROCESSOR_DEFINITIONS = (
					"DEBUG=1",
					"$(inherited)",
				);
				GCC_WARN_64_TO_32_BIT_CONVERSION = YES;
				GCC_WARN_ABOUT_RETURN_TYPE = YES_ERROR;
				GCC_WARN_UNDECLARED_SELECTOR = YES;
				GCC_WARN_UNINITIALIZED_AUTOS = YES_AGGRESSIVE;
				GCC_WARN_UNUSED_FUNCTION = YES;
				GCC_WARN_UNUSED_VARIABLE = YES;
				IPHONEOS_DEPLOYMENT_TARGET = 10.0;
				MTL_ENABLE_DEBUG_INFO = YES;
				ONLY_ACTIVE_ARCH = YES;
				SDKROOT = iphoneos;
				SWIFT_ACTIVE_COMPILATION_CONDITIONS = DEBUG;
				SWIFT_OPTIMIZATION_LEVEL = "-Onone";
			};
			name = Debug;
		};
		69F11DCB1D77262C00547DA8 /* Release */ = {
			isa = XCBuildConfiguration;
			buildSettings = {
				ALWAYS_SEARCH_USER_PATHS = NO;
				CLANG_ANALYZER_NONNULL = YES;
				CLANG_CXX_LANGUAGE_STANDARD = "gnu++0x";
				CLANG_CXX_LIBRARY = "libc++";
				CLANG_ENABLE_MODULES = YES;
				CLANG_ENABLE_OBJC_ARC = YES;
				CLANG_WARN_BOOL_CONVERSION = YES;
				CLANG_WARN_CONSTANT_CONVERSION = YES;
				CLANG_WARN_DIRECT_OBJC_ISA_USAGE = YES_ERROR;
				CLANG_WARN_DOCUMENTATION_COMMENTS = YES;
				CLANG_WARN_EMPTY_BODY = YES;
				CLANG_WARN_ENUM_CONVERSION = YES;
				CLANG_WARN_INT_CONVERSION = YES;
				CLANG_WARN_OBJC_ROOT_CLASS = YES_ERROR;
				CLANG_WARN_UNREACHABLE_CODE = YES;
				CLANG_WARN__DUPLICATE_METHOD_MATCH = YES;
				"CODE_SIGN_IDENTITY[sdk=iphoneos*]" = "iPhone Developer";
				COPY_PHASE_STRIP = NO;
				DEBUG_INFORMATION_FORMAT = "dwarf-with-dsym";
				ENABLE_NS_ASSERTIONS = NO;
				ENABLE_STRICT_OBJC_MSGSEND = YES;
				GCC_C_LANGUAGE_STANDARD = gnu99;
				GCC_NO_COMMON_BLOCKS = YES;
				GCC_WARN_64_TO_32_BIT_CONVERSION = YES;
				GCC_WARN_ABOUT_RETURN_TYPE = YES_ERROR;
				GCC_WARN_UNDECLARED_SELECTOR = YES;
				GCC_WARN_UNINITIALIZED_AUTOS = YES_AGGRESSIVE;
				GCC_WARN_UNUSED_FUNCTION = YES;
				GCC_WARN_UNUSED_VARIABLE = YES;
				IPHONEOS_DEPLOYMENT_TARGET = 10.0;
				MTL_ENABLE_DEBUG_INFO = NO;
				SDKROOT = iphoneos;
				SWIFT_OPTIMIZATION_LEVEL = "-Owholemodule";
				VALIDATE_PRODUCT = YES;
			};
			name = Release;
		};
		69F11DCD1D77262C00547DA8 /* Debug */ = {
			isa = XCBuildConfiguration;
			buildSettings = {
				ASSETCATALOG_COMPILER_APPICON_NAME = AppIcon;
				INFOPLIST_FILE = JYVVeibo/Info.plist;
				LD_RUNPATH_SEARCH_PATHS = "$(inherited) @executable_path/Frameworks";
				PRODUCT_BUNDLE_IDENTIFIER = io.yin.JYVVeibo;
				PRODUCT_NAME = "$(TARGET_NAME)";
				SWIFT_VERSION = 3.0;
			};
			name = Debug;
		};
		69F11DCE1D77262C00547DA8 /* Release */ = {
			isa = XCBuildConfiguration;
			buildSettings = {
				ASSETCATALOG_COMPILER_APPICON_NAME = AppIcon;
				INFOPLIST_FILE = JYVVeibo/Info.plist;
				LD_RUNPATH_SEARCH_PATHS = "$(inherited) @executable_path/Frameworks";
				PRODUCT_BUNDLE_IDENTIFIER = io.yin.JYVVeibo;
				PRODUCT_NAME = "$(TARGET_NAME)";
				SWIFT_VERSION = 3.0;
			};
			name = Release;
		};
/* End XCBuildConfiguration section */

/* Begin XCConfigurationList section */
		69F11DB51D77262C00547DA8 /* Build configuration list for PBXProject "JYVVeibo" */ = {
			isa = XCConfigurationList;
			buildConfigurations = (
				69F11DCA1D77262C00547DA8 /* Debug */,
				69F11DCB1D77262C00547DA8 /* Release */,
			);
			defaultConfigurationIsVisible = 0;
			defaultConfigurationName = Release;
		};
		69F11DCC1D77262C00547DA8 /* Build configuration list for PBXNativeTarget "JYVVeibo" */ = {
			isa = XCConfigurationList;
			buildConfigurations = (
				69F11DCD1D77262C00547DA8 /* Debug */,
				69F11DCE1D77262C00547DA8 /* Release */,
			);
			defaultConfigurationIsVisible = 0;
		};
/* End XCConfigurationList section */
	};
	rootObject = 69F11DB21D77262C00547DA8 /* Project object */;
}
